
Microsoft Visual Studio Solution File, Format Version 12.00
# Visual Studio Version 17
VisualStudioVersion = 17.5.33516.290
MinimumVisualStudioVersion = 10.0.40219.1
Project("{FAE04EC0-301F-11D3-BF4B-00C04F79EFBC}") = "Cadastrar Clientes Par-impar2", "Cadastrar Clientes Par-impar2\Cadastrar Clientes Par-impar2.csproj", "{1FC2B844-5CDD-453C-AE10-0B860A8540FD}"
EndProject
Global
	GlobalSection(SolutionConfigurationPlatforms) = preSolution
		Debug|Any CPU = Debug|Any CPU
		Release|Any CPU = Release|Any CPU
	EndGlobalSection
	GlobalSection(ProjectConfigurationPlatforms) = postSolution
		{1FC2B844-5CDD-453C-AE10-0B860A8540FD}.Debug|Any CPU.ActiveCfg = Debug|Any CPU
		{1FC2B844-5CDD-453C-AE10-0B860A8540FD}.Debug|Any CPU.Build.0 = Debug|Any CPU
		{1FC2B844-5CDD-453C-AE10-0B860A8540FD}.Release|Any CPU.ActiveCfg = Release|Any CPU
		{1FC2B844-5CDD-453C-AE10-0B860A8540FD}.Release|Any CPU.Build.0 = Release|Any CPU
	EndGlobalSection
	GlobalSection(SolutionProperties) = preSolution
		HideSolutionNode = FALSE
	EndGlobalSection
	GlobalSection(ExtensibilityGlobals) = postSolution
		SolutionGuid = {4927236C-68B3-4D12-B29E-B34BFBAC4800}
	EndGlobalSection
EndGlobal
